Microsoft Visual Studio Solution File, Format Version 12.00
# Visual Studio Version 17
VisualStudioVersion = 17.5.2.0
MinimumVisualStudioVersion = 10.0.40219.1
Project("{FAE04EC0-301F-11D3-BF4B-00C04F79EFBC}") = "my-app-example-ci", "my-app-example-ci.csproj", "{7CB9DE0B-B249-C277-3961-043C867407D0}"
EndProject
Project("{FAE04EC0-301F-11D3-BF4B-00C04F79EFBC}") = "my-app-exemplo-ci-tests", "..\my-app-exemplo-ci-tests\my-app-exemplo-ci-tests.csproj", "{584D6185-39CB-4A11-A36B-188A6B1E25CD}"
EndProject
Global
	GlobalSection(SolutionConfigurationPlatforms) = preSolution
		Debug|Any CPU = Debug|Any CPU
		Release|Any CPU = Release|Any CPU
	EndGlobalSection
	GlobalSection(ProjectConfigurationPlatforms) = postSolution
		{7CB9DE0B-B249-C277-3961-043C867407D0}.Debug|Any CPU.ActiveCfg = Debug|Any CPU
		{7CB9DE0B-B249-C277-3961-043C867407D0}.Debug|Any CPU.Build.0 = Debug|Any CPU
		{7CB9DE0B-B249-C277-3961-043C867407D0}.Release|Any CPU.ActiveCfg = Release|Any CPU
		{7CB9DE0B-B249-C277-3961-043C867407D0}.Release|Any CPU.Build.0 = Release|Any CPU
		{584D6185-39CB-4A11-A36B-188A6B1E25CD}.Debug|Any CPU.ActiveCfg = Debug|Any CPU
		{584D6185-39CB-4A11-A36B-188A6B1E25CD}.Debug|Any CPU.Build.0 = Debug|Any CPU
		{584D6185-39CB-4A11-A36B-188A6B1E25CD}.Release|Any CPU.ActiveCfg = Release|Any CPU
		{584D6185-39CB-4A11-A36B-188A6B1E25CD}.Release|Any CPU.Build.0 = Release|Any CPU
	EndGlobalSection
	GlobalSection(SolutionProperties) = preSolution
		HideSolutionNode = FALSE
	EndGlobalSection
	GlobalSection(ExtensibilityGlobals) = postSolution
		SolutionGuid = {9A148CCF-DFD9-4EAA-AF4D-EBD3FF8D55FA}
	EndGlobalSection
EndGlobal
